# THIS IS AN AUTOGENERATED FILE. DO NOT EDIT THIS FILE DIRECTLY.
# yarn lockfile v1


"@types/node@^25.5.0":
  version "25.5.0"
  resolved "https://registry.yarnpkg.com/@types/node/-/node-25.5.0.tgz#5c99f37c443d9ccc4985866913f1ed364217da31"
  integrity sha512-jp2P3tQMSxWugkCUKLRPVUpGaL5MVFwF8RDuSRztfwgN1wmqJeMSbKlnEtQqU8UrhTmzEmZdu2I6v2dpp7XIxw==
  dependencies:
    undici-types "~7.18.0"

"@types/pluralize@^0.0.33":
  version "0.0.33"
  resolved "https://registry.yarnpkg.com/@types/pluralize/-/pluralize-0.0.33.tgz#8ad9018368c584d268667dd9acd5b3b806e8c82a"
  integrity sha512-JOqsl+ZoCpP4e8TDke9W79FDcSgPAR0l6pixx2JHkhnRjvShyYiAYw2LVsnA7K08Y6DeOnaU6ujmENO4os/cYg==

pluralize@^8.0.0:
  version "8.0.0"
  resolved "https://registry.yarnpkg.com/pluralize/-/pluralize-8.0.0.tgz#1a6fa16a38d12a1901e0320fa017051c539ce3b1"
  integrity sha512-Nc3IT5yHzflTfbjgqWcCPpo7DaKy4FnpB0l/zCAW0Tc7jxAiuqSxHasntB3D7887LSrA93kDJ9IXovxJYxyLCA==

typescript@^6.0.2:
  version "6.0.2"
  resolved "https://registry.yarnpkg.com/typescript/-/typescript-6.0.2.tgz#0b1bfb15f68c64b97032f3d78abbf98bdbba501f"
  integrity sha512-bGdAIrZ0wiGDo5l8c++HWtbaNCWTS4UTv7RaTH/ThVIgjkveJt83m74bBHMJkuCbslY8ixgLBVZJIOiQlQTjfQ==

undici-types@~7.18.0:
  version "7.18.2"
  resolved "https://registry.yarnpkg.com/undici-types/-/undici-types-7.18.2.tgz#29357a89e7b7ca4aef3bf0fd3fd0cd73884229e9"
  integrity sha512-AsuCzffGHJybSaRrmr5eHr81mwJU3kjw6M+uprWvCXiNeN9SOGwQ3Jn8jb8m3Z6izVgknn1R0FTCEAP2QrLY/w==

zod@^4.3.6:
  version "4.3.6"
  resolved "https://registry.yarnpkg.com/zod/-/zod-4.3.6.tgz#89c56e0aa7d2b05107d894412227087885ab112a"
  integrity sha512-rftlrkhHZOcjDwkGlnUtZZkvaPHCsDATp4pGpuOOMDaTdDDXF91wuVDJoWoPsKX/3YPQ5fHuF3STjcYyKr+Qhg==
